// !$*UTF8*$!
{
	archiveVersion = 1;
	classes = {
	};
	objectVersion = 55;
	objects = {

/* Begin PBXBuildFile section */
		1D83839C564F959D2B1B550C /* Pods_FitnessApp_FitnessAppUITests.framework in Frameworks */ = {isa = PBXBuildFile; fileRef = ACB8D093952F11C5F426D413 /* Pods_FitnessApp_FitnessAppUITests.framework */; };
		5E75520D4776DED20A020C4E /* Pods_FitnessAppTests.framework in Frameworks */ = {isa = PBXBuildFile; fileRef = 88F56DC32887609DB54A6825 /* Pods_FitnessAppTests.framework */; };
		BC0ACCE128E313F8001868E2 /* AppDelegate.swift in Sources */ = {isa = PBXBuildFile; fileRef = BC0ACCE028E313F8001868E2 /* AppDelegate.swift */; };
		BC0ACCE328E313F8001868E2 /* SceneDelegate.swift in Sources */ = {isa = PBXBuildFile; fileRef = BC0ACCE228E313F8001868E2 /* SceneDelegate.swift */; };
		BC0ACCE828E313F8001868E2 /* Main.storyboard in Resources */ = {isa = PBXBuildFile; fileRef = BC0ACCE628E313F8001868E2 /* Main.storyboard */; };
		BC0ACCEA28E313FD001868E2 /* Assets.xcassets in Resources */ = {isa = PBXBuildFile; fileRef = BC0ACCE928E313FD001868E2 /* Assets.xcassets */; };
		BC0ACCED28E313FD001868E2 /* LaunchScreen.storyboard in Resources */ = {isa = PBXBuildFile; fileRef = BC0ACCEB28E313FD001868E2 /* LaunchScreen.storyboard */; };
		BC0ACCF828E313FD001868E2 /* FitnessAppTests.swift in Sources */ = {isa = PBXBuildFile; fileRef = BC0ACCF728E313FD001868E2 /* FitnessAppTests.swift */; };
		BC0ACD0228E313FD001868E2 /* FitnessAppUITests.swift in Sources */ = {isa = PBXBuildFile; fileRef = BC0ACD0128E313FD001868E2 /* FitnessAppUITests.swift */; };
		BC0ACD0428E313FD001868E2 /* FitnessAppUITestsLaunchTests.swift in Sources */ = {isa = PBXBuildFile; fileRef = BC0ACD0328E313FD001868E2 /* FitnessAppUITestsLaunchTests.swift */; };
		BC0ACD1228E328F5001868E2 /* DashboardVC.swift in Sources */ = {isa = PBXBuildFile; fileRef = BC0ACD1128E328F5001868E2 /* DashboardVC.swift */; };
		BC0ACD1628E32919001868E2 /* CoursesVC.swift in Sources */ = {isa = PBXBuildFile; fileRef = BC0ACD1528E32919001868E2 /* CoursesVC.swift */; };
		BC0ACD1828E33855001868E2 /* CoursesModel.swift in Sources */ = {isa = PBXBuildFile; fileRef = BC0ACD1728E33855001868E2 /* CoursesModel.swift */; };
		BC0ACD1E28E339DA001868E2 /* CourseCell.swift in Sources */ = {isa = PBXBuildFile; fileRef = BC0ACD1D28E339DA001868E2 /* CourseCell.swift */; };
		BC0ACD2728E3425F001868E2 /* Yoga.mp4 in Resources */ = {isa = PBXBuildFile; fileRef = BC0ACD2328E34259001868E2 /* Yoga.mp4 */; };
		BC0ACD2828E3425F001868E2 /* Lower Workout.mp4 in Resources */ = {isa = PBXBuildFile; fileRef = BC0ACD2428E3425A001868E2 /* Lower Workout.mp4 */; };
		BC0ACD2928E3425F001868E2 /* Upper Workout.mp4 in Resources */ = {isa = PBXBuildFile; fileRef = BC0ACD2528E3425D001868E2 /* Upper Workout.mp4 */; };
		BC0ACD2A28E3425F001868E2 /* Strecth.mp4 in Resources */ = {isa = PBXBuildFile; fileRef = BC0ACD2628E3425F001868E2 /* Strecth.mp4 */; };
		BC18E19728EB8E1000587811 /* UserData.swift in Sources */ = {isa = PBXBuildFile; fileRef = BC18E19628EB8E1000587811 /* UserData.swift */; };
		BC18E19A28EB8FC500587811 /* OnBoardingVC.swift in Sources */ = {isa = PBXBuildFile; fileRef = BC18E19928EB8FC500587811 /* OnBoardingVC.swift */; };
		BC18E19D28EB90F800587811 /* UIView+Extension.swift in Sources */ = {isa = PBXBuildFile; fileRef = BC18E19C28EB90F800587811 /* UIView+Extension.swift */; };
		BC18E19F28EB91D600587811 /* OnBoardingSlides.swift in Sources */ = {isa = PBXBuildFile; fileRef = BC18E19E28EB91D600587811 /* OnBoardingSlides.swift */; };
		BC18E1A328EB941300587811 /* OnBoardingCell.swift in Sources */ = {isa = PBXBuildFile; fileRef = BC18E1A228EB941300587811 /* OnBoardingCell.swift */; };
		BC8C6B4628E45B5600CC6EA7 /* LoginVC.swift in Sources */ = {isa = PBXBuildFile; fileRef = BC8C6B4528E45B5600CC6EA7 /* LoginVC.swift */; };
		BCCFC0E228EC6ACF0013AFDB /* running.json in Resources */ = {isa = PBXBuildFile; fileRef = BCCFC0E128EC6ACF0013AFDB /* running.json */; };
		C84BCB0CF1764D78D4C61C3C /* Pods_FitnessApp.framework in Frameworks */ = {isa = PBXBuildFile; fileRef = FB0FFD1EB386F53707C824F5 /* Pods_FitnessApp.framework */; };
/* End PBXBuildFile section */

/* Begin PBXContainerItemProxy section */
		BC0ACCF428E313FD001868E2 /* PBXContainerItemProxy */ = {
			isa = PBXContainerItemProxy;
			containerPortal = BC0ACCD528E313F8001868E2 /* Project object */;
			proxyType = 1;
			remoteGlobalIDString = BC0ACCDC28E313F8001868E2;
			remoteInfo = FitnessApp;
		};
		BC0ACCFE28E313FD001868E2 /* PBXContainerItemProxy */ = {
			isa = PBXContainerItemProxy;
			containerPortal = BC0ACCD528E313F8001868E2 /* Project object */;
			proxyType = 1;
			remoteGlobalIDString = BC0ACCDC28E313F8001868E2;
			remoteInfo = FitnessApp;
		};
/* End PBXContainerItemProxy section */

/* Begin PBXFileReference section */
		1CCD5FC7B604F5B1A7AFE87C /* Pods-FitnessAppTests.debug.xcconfig */ = {isa = PBXFileReference; includeInIndex = 1; lastKnownFileType = text.xcconfig; name = "Pods-FitnessAppTests.debug.xcconfig"; path = "Target Support Files/Pods-FitnessAppTests/Pods-FitnessAppTests.debug.xcconfig"; sourceTree = "<group>"; };
		4B912DA17C0768E220DF0933 /* Pods-FitnessApp-FitnessAppUITests.debug.xcconfig */ = {isa = PBXFileReference; includeInIndex = 1; lastKnownFileType = text.xcconfig; name = "Pods-FitnessApp-FitnessAppUITests.debug.xcconfig"; path = "Target Support Files/Pods-FitnessApp-FitnessAppUITests/Pods-FitnessApp-FitnessAppUITests.debug.xcconfig"; sourceTree = "<group>"; };
		88F56DC32887609DB54A6825 /* Pods_FitnessAppTests.framework */ = {isa = PBXFileReference; explicitFileType = wrapper.framework; includeInIndex = 0; path = Pods_FitnessAppTests.framework; sourceTree = BUILT_PRODUCTS_DIR; };
		92B56F43DC101EDD152C6423 /* Pods-FitnessApp.release.xcconfig */ = {isa = PBXFileReference; includeInIndex = 1; lastKnownFileType = text.xcconfig; name = "Pods-FitnessApp.release.xcconfig"; path = "Target Support Files/Pods-FitnessApp/Pods-FitnessApp.release.xcconfig"; sourceTree = "<group>"; };
		ACB8D093952F11C5F426D413 /* Pods_FitnessApp_FitnessAppUITests.framework */ = {isa = PBXFileReference; explicitFileType = wrapper.framework; includeInIndex = 0; path = Pods_FitnessApp_FitnessAppUITests.framework; sourceTree = BUILT_PRODUCTS_DIR; };
		BC0ACCDD28E313F8001868E2 /* FitnessApp.app */ = {isa = PBXFileReference; explicitFileType = wrapper.application; includeInIndex = 0; path = FitnessApp.app; sourceTree = BUILT_PRODUCTS_DIR; };
		BC0ACCE028E313F8001868E2 /* AppDelegate.swift */ = {isa = PBXFileReference; lastKnownFileType = sourcecode.swift; path = AppDelegate.swift; sourceTree = "<group>"; };
		BC0ACCE228E313F8001868E2 /* SceneDelegate.swift */ = {isa = PBXFileReference; lastKnownFileType = sourcecode.swift; path = SceneDelegate.swift; sourceTree = "<group>"; };
		BC0ACCE728E313F8001868E2 /* Base */ = {isa = PBXFileReference; lastKnownFileType = file.storyboard; name = Base; path = Base.lproj/Main.storyboard; sourceTree = "<group>"; };
		BC0ACCE928E313FD001868E2 /* Assets.xcassets */ = {isa = PBXFileReference; lastKnownFileType = folder.assetcatalog; path = Assets.xcassets; sourceTree = "<group>"; };
		BC0ACCEC28E313FD001868E2 /* Base */ = {isa = PBXFileReference; lastKnownFileType = file.storyboard; name = Base; path = Base.lproj/LaunchScreen.storyboard; sourceTree = "<group>"; };
		BC0ACCEE28E313FD001868E2 /* Info.plist */ = {isa = PBXFileReference; lastKnownFileType = text.plist.xml; path = Info.plist; sourceTree = "<group>"; };
		BC0ACCF328E313FD001868E2 /* FitnessAppTests.xctest */ = {isa = PBXFileReference; explicitFileType = wrapper.cfbundle; includeInIndex = 0; path = FitnessAppTests.xctest; sourceTree = BUILT_PRODUCTS_DIR; };
		BC0ACCF728E313FD001868E2 /* FitnessAppTests.swift */ = {isa = PBXFileReference; lastKnownFileType = sourcecode.swift; path = FitnessAppTests.swift; sourceTree = "<group>"; };
		BC0ACCFD28E313FD001868E2 /* FitnessAppUITests.xctest */ = {isa = PBXFileReference; explicitFileType = wrapper.cfbundle; includeInIndex = 0; path = FitnessAppUITests.xctest; sourceTree = BUILT_PRODUCTS_DIR; };
		BC0ACD0128E313FD001868E2 /* FitnessAppUITests.swift */ = {isa = PBXFileReference; lastKnownFileType = sourcecode.swift; path = FitnessAppUITests.swift; sourceTree = "<group>"; };
		BC0ACD0328E313FD001868E2 /* FitnessAppUITestsLaunchTests.swift */ = {isa = PBXFileReference; lastKnownFileType = sourcecode.swift; path = FitnessAppUITestsLaunchTests.swift; sourceTree = "<group>"; };
		BC0ACD1128E328F5001868E2 /* DashboardVC.swift */ = {isa = PBXFileReference; lastKnownFileType = sourcecode.swift; path = DashboardVC.swift; sourceTree = "<group>"; };
		BC0ACD1528E32919001868E2 /* CoursesVC.swift */ = {isa = PBXFileReference; lastKnownFileType = sourcecode.swift; path = CoursesVC.swift; sourceTree = "<group>"; };
		BC0ACD1728E33855001868E2 /* CoursesModel.swift */ = {isa = PBXFileReference; lastKnownFileType = sourcecode.swift; path = CoursesModel.swift; sourceTree = "<group>"; };
		BC0ACD1D28E339DA001868E2 /* CourseCell.swift */ = {isa = PBXFileReference; lastKnownFileType = sourcecode.swift; path = CourseCell.swift; sourceTree = "<group>"; };
		BC0ACD2328E34259001868E2 /* Yoga.mp4 */ = {isa = PBXFileReference; lastKnownFileType = file; path = Yoga.mp4; sourceTree = "<group>"; };
		BC0ACD2428E3425A001868E2 /* Lower Workout.mp4 */ = {isa = PBXFileReference; lastKnownFileType = file; path = "Lower Workout.mp4"; sourceTree = "<group>"; };
		BC0ACD2528E3425D001868E2 /* Upper Workout.mp4 */ = {isa = PBXFileReference; lastKnownFileType = file; path = "Upper Workout.mp4"; sourceTree = "<group>"; };
		BC0ACD2628E3425F001868E2 /* Strecth.mp4 */ = {isa = PBXFileReference; lastKnownFileType = file; path = Strecth.mp4; sourceTree = "<group>"; };
		BC18E19628EB8E1000587811 /* UserData.swift */ = {isa = PBXFileReference; lastKnownFileType = sourcecode.swift; path = UserData.swift; sourceTree = "<group>"; };
		BC18E19928EB8FC500587811 /* OnBoardingVC.swift */ = {isa = PBXFileReference; lastKnownFileType = sourcecode.swift; path = OnBoardingVC.swift; sourceTree = "<group>"; };
		BC18E19C28EB90F800587811 /* UIView+Extension.swift */ = {isa = PBXFileReference; lastKnownFileType = sourcecode.swift; path = "UIView+Extension.swift"; sourceTree = "<group>"; };
		BC18E19E28EB91D600587811 /* OnBoardingSlides.swift */ = {isa = PBXFileReference; lastKnownFileType = sourcecode.swift; path = OnBoardingSlides.swift; sourceTree = "<group>"; };
		BC18E1A228EB941300587811 /* OnBoardingCell.swift */ = {isa = PBXFileReference; lastKnownFileType = sourcecode.swift; path = OnBoardingCell.swift; sourceTree = "<group>"; };
		BC8C6B4528E45B5600CC6EA7 /* LoginVC.swift */ = {isa = PBXFileReference; lastKnownFileType = sourcecode.swift; path = LoginVC.swift; sourceTree = "<group>"; };
		BCC4DD1E9B7B635B7FF8CC14 /* Pods-FitnessApp.debug.xcconfig */ = {isa = PBXFileReference; includeInIndex = 1; lastKnownFileType = text.xcconfig; name = "Pods-FitnessApp.debug.xcconfig"; path = "Target Support Files/Pods-FitnessApp/Pods-FitnessApp.debug.xcconfig"; sourceTree = "<group>"; };
		BCCFC0E128EC6ACF0013AFDB /* running.json */ = {isa = PBXFileReference; fileEncoding = 4; lastKnownFileType = text.json; path = running.json; sourceTree = "<group>"; };
		D22B3E06D988254B67BB6486 /* Pods-FitnessAppTests.release.xcconfig */ = {isa = PBXFileReference; includeInIndex = 1; lastKnownFileType = text.xcconfig; name = "Pods-FitnessAppTests.release.xcconfig"; path = "Target Support Files/Pods-FitnessAppTests/Pods-FitnessAppTests.release.xcconfig"; sourceTree = "<group>"; };
		EB3E123A0C5CCA0FFB8CF811 /* Pods-FitnessApp-FitnessAppUITests.release.xcconfig */ = {isa = PBXFileReference; includeInIndex = 1; lastKnownFileType = text.xcconfig; name = "Pods-FitnessApp-FitnessAppUITests.release.xcconfig"; path = "Target Support Files/Pods-FitnessApp-FitnessAppUITests/Pods-FitnessApp-FitnessAppUITests.release.xcconfig"; sourceTree = "<group>"; };
		FB0FFD1EB386F53707C824F5 /* Pods_FitnessApp.framework */ = {isa = PBXFileReference; explicitFileType = wrapper.framework; includeInIndex = 0; path = Pods_FitnessApp.framework; sourceTree = BUILT_PRODUCTS_DIR; };
/* End PBXFileReference section */

/* Begin PBXFrameworksBuildPhase section */
		BC0ACCDA28E313F8001868E2 /* Frameworks */ = {
			isa = PBXFrameworksBuildPhase;
			buildActionMask = 2147483647;
			files = (
				C84BCB0CF1764D78D4C61C3C /* Pods_FitnessApp.framework in Frameworks */,
			);
			runOnlyForDeploymentPostprocessing = 0;
		};
		BC0ACCF028E313FD001868E2 /* Frameworks */ = {
			isa = PBXFrameworksBuildPhase;
			buildActionMask = 2147483647;
			files = (
				5E75520D4776DED20A020C4E /* Pods_FitnessAppTests.framework in Frameworks */,
			);
			runOnlyForDeploymentPostprocessing = 0;
		};
		BC0ACCFA28E313FD001868E2 /* Frameworks */ = {
			isa = PBXFrameworksBuildPhase;
			buildActionMask = 2147483647;
			files = (
				1D83839C564F959D2B1B550C /* Pods_FitnessApp_FitnessAppUITests.framework in Frameworks */,
			);
			runOnlyForDeploymentPostprocessing = 0;
		};
/* End PBXFrameworksBuildPhase section */

/* Begin PBXGroup section */
		5551C71D37061F93755B1BCC /* Pods */ = {
			isa = PBXGroup;
			children = (
				BCC4DD1E9B7B635B7FF8CC14 /* Pods-FitnessApp.debug.xcconfig */,
				92B56F43DC101EDD152C6423 /* Pods-FitnessApp.release.xcconfig */,
				4B912DA17C0768E220DF0933 /* Pods-FitnessApp-FitnessAppUITests.debug.xcconfig */,
				EB3E123A0C5CCA0FFB8CF811 /* Pods-FitnessApp-FitnessAppUITests.release.xcconfig */,
				1CCD5FC7B604F5B1A7AFE87C /* Pods-FitnessAppTests.debug.xcconfig */,
				D22B3E06D988254B67BB6486 /* Pods-FitnessAppTests.release.xcconfig */,
			);
			path = Pods;
			sourceTree = "<group>";
		};
		BC0ACCD428E313F8001868E2 = {
			isa = PBXGroup;
			children = (
				BC0ACCDF28E313F8001868E2 /* FitnessApp */,
				BC0ACCF628E313FD001868E2 /* FitnessAppTests */,
				BC0ACD0028E313FD001868E2 /* FitnessAppUITests */,
				BC0ACCDE28E313F8001868E2 /* Products */,
				5551C71D37061F93755B1BCC /* Pods */,
				D03F3313064582D9DACE1ABD /* Frameworks */,
			);
			sourceTree = "<group>";
		};
		BC0ACCDE28E313F8001868E2 /* Products */ = {
			isa = PBXGroup;
			children = (
				BC0ACCDD28E313F8001868E2 /* FitnessApp.app */,
				BC0ACCF328E313FD001868E2 /* FitnessAppTests.xctest */,
				BC0ACCFD28E313FD001868E2 /* FitnessAppUITests.xctest */,
			);
			name = Products;
			sourceTree = "<group>";
		};
		BC0ACCDF28E313F8001868E2 /* FitnessApp */ = {
			isa = PBXGroup;
			children = (
				BC13AAA728EF5B2900EDD552 /* Delegates */,
				BC18E19B28EB906B00587811 /* Extensions */,
				BC0ACD2228E34245001868E2 /* Videos */,
				BC0ACD1F28E33C19001868E2 /* Models */,
				BC0ACD1028E314A5001868E2 /* Resources */,
				BC0ACD1928E339A0001868E2 /* Controllers */,
				BC0ACCE628E313F8001868E2 /* Main.storyboard */,
				BC0ACCEB28E313FD001868E2 /* LaunchScreen.storyboard */,
				BC0ACCEE28E313FD001868E2 /* Info.plist */,
			);
			path = FitnessApp;
			sourceTree = "<group>";
		};
		BC0ACCF628E313FD001868E2 /* FitnessAppTests */ = {
			isa = PBXGroup;
			children = (
				BC0ACCF728E313FD001868E2 /* FitnessAppTests.swift */,
			);
			path = FitnessAppTests;
			sourceTree = "<group>";
		};
		BC0ACD0028E313FD001868E2 /* FitnessAppUITests */ = {
			isa = PBXGroup;
			children = (
				BC0ACD0128E313FD001868E2 /* FitnessAppUITests.swift */,
				BC0ACD0328E313FD001868E2 /* FitnessAppUITestsLaunchTests.swift */,
			);
			path = FitnessAppUITests;
			sourceTree = "<group>";
		};
		BC0ACD1028E314A5001868E2 /* Resources */ = {
			isa = PBXGroup;
			children = (
				BCCFC0E128EC6ACF0013AFDB /* running.json */,
				BC0ACCE928E313FD001868E2 /* Assets.xcassets */,
			);
			path = Resources;
			sourceTree = "<group>";
		};
		BC0ACD1928E339A0001868E2 /* Controllers */ = {
			isa = PBXGroup;
			children = (
				BC18E19828EB8FAC00587811 /* OnBoarding */,
				BC8C6B4428E45B4300CC6EA7 /* Login */,
				BC0ACD1C28E339BA001868E2 /* Dashboard */,
				BC0ACD1A28E339AB001868E2 /* Courses */,
			);
			path = Controllers;
			sourceTree = "<group>";
		};
		BC0ACD1A28E339AB001868E2 /* Courses */ = {
			isa = PBXGroup;
			children = (
				BC0ACD1528E32919001868E2 /* CoursesVC.swift */,
				BC0ACD1D28E339DA001868E2 /* CourseCell.swift */,
			);
			path = Courses;
			sourceTree = "<group>";
		};
		BC0ACD1C28E339BA001868E2 /* Dashboard */ = {
			isa = PBXGroup;
			children = (
				BC0ACD1128E328F5001868E2 /* DashboardVC.swift */,
			);
			path = Dashboard;
			sourceTree = "<group>";
		};
		BC0ACD1F28E33C19001868E2 /* Models */ = {
			isa = PBXGroup;
			children = (
				BC0ACD1728E33855001868E2 /* CoursesModel.swift */,
				BC18E19628EB8E1000587811 /* UserData.swift */,
				BC18E19E28EB91D600587811 /* OnBoardingSlides.swift */,
			);
			path = Models;
			sourceTree = "<group>";
		};
		BC0ACD2228E34245001868E2 /* Videos */ = {
			isa = PBXGroup;
			children = (
				BC0ACD2428E3425A001868E2 /* Lower Workout.mp4 */,
				BC0ACD2628E3425F001868E2 /* Strecth.mp4 */,
				BC0ACD2528E3425D001868E2 /* Upper Workout.mp4 */,
				BC0ACD2328E34259001868E2 /* Yoga.mp4 */,
			);
			path = Videos;
			sourceTree = "<group>";
		};
		BC13AAA728EF5B2900EDD552 /* Delegates */ = {
			isa = PBXGroup;
			children = (
				BC0ACCE228E313F8001868E2 /* SceneDelegate.swift */,
				BC0ACCE028E313F8001868E2 /* AppDelegate.swift */,
			);
			path = Delegates;
			sourceTree = "<group>";
		};
		BC18E19828EB8FAC00587811 /* OnBoarding */ = {
			isa = PBXGroup;
			children = (
				BC18E19928EB8FC500587811 /* OnBoardingVC.swift */,
				BC18E1A228EB941300587811 /* OnBoardingCell.swift */,
			);
			path = OnBoarding;
			sourceTree = "<group>";
		};
		BC18E19B28EB906B00587811 /* Extensions */ = {
			isa = PBXGroup;
			children = (
				BC18E19C28EB90F800587811 /* UIView+Extension.swift */,
			);
			path = Extensions;
			sourceTree = "<group>";
		};
		BC8C6B4428E45B4300CC6EA7 /* Login */ = {
			isa = PBXGroup;
			children = (
				BC8C6B4528E45B5600CC6EA7 /* LoginVC.swift */,
			);
			path = Login;
			sourceTree = "<group>";
		};
		D03F3313064582D9DACE1ABD /* Frameworks */ = {
			isa = PBXGroup;
			children = (
				FB0FFD1EB386F53707C824F5 /* Pods_FitnessApp.framework */,
				ACB8D093952F11C5F426D413 /* Pods_FitnessApp_FitnessAppUITests.framework */,
				88F56DC32887609DB54A6825 /* Pods_FitnessAppTests.framework */,
			);
			name = Frameworks;
			sourceTree = "<group>";
		};
/* End PBXGroup section */

/* Begin PBXNativeTarget section */
		BC0ACCDC28E313F8001868E2 /* FitnessApp */ = {
			isa = PBXNativeTarget;
			buildConfigurationList = BC0ACD0728E313FD001868E2 /* Build configuration list for PBXNativeTarget "FitnessApp" */;
			buildPhases = (
				295D6335FD03DE91C551471F /* [CP] Check Pods Manifest.lock */,
				BC0ACCD928E313F8001868E2 /* Sources */,
				BC0ACCDA28E313F8001868E2 /* Frameworks */,
				BC0ACCDB28E313F8001868E2 /* Resources */,
				950B9F4AA8207B7E621E1238 /* [CP] Embed Pods Frameworks */,
			);
			buildRules = (
			);
			dependencies = (
			);
			name = FitnessApp;
			productName = FitnessApp;
			productReference = BC0ACCDD28E313F8001868E2 /* FitnessApp.app */;
			productType = "com.apple.product-type.application";
		};
		BC0ACCF228E313FD001868E2 /* FitnessAppTests */ = {
			isa = PBXNativeTarget;
			buildConfigurationList = BC0ACD0A28E313FD001868E2 /* Build configuration list for PBXNativeTarget "FitnessAppTests" */;
			buildPhases = (
				343C1BBB152AB3FEC939BD03 /* [CP] Check Pods Manifest.lock */,
				BC0ACCEF28E313FD001868E2 /* Sources */,
				BC0ACCF028E313FD001868E2 /* Frameworks */,
				BC0ACCF128E313FD001868E2 /* Resources */,
			);
			buildRules = (
			);
			dependencies = (
				BC0ACCF528E313FD001868E2 /* PBXTargetDependency */,
			);
			name = FitnessAppTests;
			productName = FitnessAppTests;
			productReference = BC0ACCF328E313FD001868E2 /* FitnessAppTests.xctest */;
			productType = "com.apple.product-type.bundle.unit-test";
		};
		BC0ACCFC28E313FD001868E2 /* FitnessAppUITests */ = {
			isa = PBXNativeTarget;
			buildConfigurationList = BC0ACD0D28E313FD001868E2 /* Build configuration list for PBXNativeTarget "FitnessAppUITests" */;
			buildPhases = (
				6DF11C6DC88B055E0779D542 /* [CP] Check Pods Manifest.lock */,
				BC0ACCF928E313FD001868E2 /* Sources */,
				BC0ACCFA28E313FD001868E2 /* Frameworks */,
				BC0ACCFB28E313FD001868E2 /* Resources */,
				7E80A640B4002B15C74F301B /* [CP] Embed Pods Frameworks */,
			);
			buildRules = (
			);
			dependencies = (
				BC0ACCFF28E313FD001868E2 /* PBXTargetDependency */,
			);
			name = FitnessAppUITests;
			productName = FitnessAppUITests;
			productReference = BC0ACCFD28E313FD001868E2 /* FitnessAppUITests.xctest */;
			productType = "com.apple.product-type.bundle.ui-testing";
		};
/* End PBXNativeTarget section */

/* Begin PBXProject section */
		BC0ACCD528E313F8001868E2 /* Project object */ = {
			isa = PBXProject;
			attributes = {
				BuildIndependentTargetsInParallel = 1;
				LastSwiftUpdateCheck = 1340;
				LastUpgradeCheck = 1340;
				TargetAttributes = {
					BC0ACCDC28E313F8001868E2 = {
						CreatedOnToolsVersion = 13.4.1;
					};
					BC0ACCF228E313FD001868E2 = {
						CreatedOnToolsVersion = 13.4.1;
						TestTargetID = BC0ACCDC28E313F8001868E2;
					};
					BC0ACCFC28E313FD001868E2 = {
						CreatedOnToolsVersion = 13.4.1;
						TestTargetID = BC0ACCDC28E313F8001868E2;
					};
				};
			};
			buildConfigurationList = BC0ACCD828E313F8001868E2 /* Build configuration list for PBXProject "FitnessApp" */;
			compatibilityVersion = "Xcode 13.0";
			developmentRegion = en;
			hasScannedForEncodings = 0;
			knownRegions = (
				en,
				Base,
			);
			mainGroup = BC0ACCD428E313F8001868E2;
			productRefGroup = BC0ACCDE28E313F8001868E2 /* Products */;
			projectDirPath = "";
			projectRoot = "";
			targets = (
				BC0ACCDC28E313F8001868E2 /* FitnessApp */,
				BC0ACCF228E313FD001868E2 /* FitnessAppTests */,
				BC0ACCFC28E313FD001868E2 /* FitnessAppUITests */,
			);
		};
/* End PBXProject section */

/* Begin PBXResourcesBuildPhase section */
		BC0ACCDB28E313F8001868E2 /* Resources */ = {
			isa = PBXResourcesBuildPhase;
			buildActionMask = 2147483647;
			files = (
				BC0ACD2928E3425F001868E2 /* Upper Workout.mp4 in Resources */,
				BC0ACCED28E313FD001868E2 /* LaunchScreen.storyboard in Resources */,
				BC0ACD2828E3425F001868E2 /* Lower Workout.mp4 in Resources */,
				BC0ACCEA28E313FD001868E2 /* Assets.xcassets in Resources */,
				BC0ACD2A28E3425F001868E2 /* Strecth.mp4 in Resources */,
				BCCFC0E228EC6ACF0013AFDB /* running.json in Resources */,
				BC0ACCE828E313F8001868E2 /* Main.storyboard in Resources */,
				BC0ACD2728E3425F001868E2 /* Yoga.mp4 in Resources */,
			);
			runOnlyForDeploymentPostprocessing = 0;
		};
		BC0ACCF128E313FD001868E2 /* Resources */ = {
			isa = PBXResourcesBuildPhase;
			buildActionMask = 2147483647;
			files = (
			);
			runOnlyForDeploymentPostprocessing = 0;
		};
		BC0ACCFB28E313FD001868E2 /* Resources */ = {
			isa = PBXResourcesBuildPhase;
			buildActionMask = 2147483647;
			files = (
			);
			runOnlyForDeploymentPostprocessing = 0;
		};
/* End PBXResourcesBuildPhase section */

/* Begin PBXShellScriptBuildPhase section */
		295D6335FD03DE91C551471F /* [CP] Check Pods Manifest.lock */ = {
			isa = PBXShellScriptBuildPhase;
			buildActionMask = 2147483647;
			files = (
			);
			inputFileListPaths = (
			);
			inputPaths = (
				"${PODS_PODFILE_DIR_PATH}/Podfile.lock",
				"${PODS_ROOT}/Manifest.lock",
			);
			name = "[CP] Check Pods Manifest.lock";
			outputFileListPaths = (
			);
			outputPaths = (
				"$(DERIVED_FILE_DIR)/Pods-FitnessApp-checkManifestLockResult.txt",
			);
			runOnlyForDeploymentPostprocessing = 0;
			shellPath = /bin/sh;
			shellScript = "diff \"${PODS_PODFILE_DIR_PATH}/Podfile.lock\" \"${PODS_ROOT}/Manifest.lock\" > /dev/null\nif [ $? != 0 ] ; then\n    # print error to STDERR\n    echo \"error: The sandbox is not in sync with the Podfile.lock. Run 'pod install' or update your CocoaPods installation.\" >&2\n    exit 1\nfi\n# This output is used by Xcode 'outputs' to avoid re-running this script phase.\necho \"SUCCESS\" > \"${SCRIPT_OUTPUT_FILE_0}\"\n";
			showEnvVarsInLog = 0;
		};
		343C1BBB152AB3FEC939BD03 /* [CP] Check Pods Manifest.lock */ = {
			isa = PBXShellScriptBuildPhase;
			buildActionMask = 2147483647;
			files = (
			);
			inputFileListPaths = (
			);
			inputPaths = (
				"${PODS_PODFILE_DIR_PATH}/Podfile.lock",
				"${PODS_ROOT}/Manifest.lock",
			);
			name = "[CP] Check Pods Manifest.lock";
			outputFileListPaths = (
			);
			outputPaths = (
				"$(DERIVED_FILE_DIR)/Pods-FitnessAppTests-checkManifestLockResult.txt",
			);
			runOnlyForDeploymentPostprocessing = 0;
			shellPath = /bin/sh;
			shellScript = "diff \"${PODS_PODFILE_DIR_PATH}/Podfile.lock\" \"${PODS_ROOT}/Manifest.lock\" > /dev/null\nif [ $? != 0 ] ; then\n    # print error to STDERR\n    echo \"error: The sandbox is not in sync with the Podfile.lock. Run 'pod install' or update your CocoaPods installation.\" >&2\n    exit 1\nfi\n# This output is used by Xcode 'outputs' to avoid re-running this script phase.\necho \"SUCCESS\" > \"${SCRIPT_OUTPUT_FILE_0}\"\n";
			showEnvVarsInLog = 0;
		};
		6DF11C6DC88B055E0779D542 /* [CP] Check Pods Manifest.lock */ = {
			isa = PBXShellScriptBuildPhase;
			buildActionMask = 2147483647;
			files = (
			);
			inputFileListPaths = (
			);
			inputPaths = (
				"${PODS_PODFILE_DIR_PATH}/Podfile.lock",
				"${PODS_ROOT}/Manifest.lock",
			);
			name = "[CP] Check Pods Manifest.lock";
			outputFileListPaths = (
			);
			outputPaths = (
				"$(DERIVED_FILE_DIR)/Pods-FitnessApp-FitnessAppUITests-checkManifestLockResult.txt",
			);
			runOnlyForDeploymentPostprocessing = 0;
			shellPath = /bin/sh;
			shellScript = "diff \"${PODS_PODFILE_DIR_PATH}/Podfile.lock\" \"${PODS_ROOT}/Manifest.lock\" > /dev/null\nif [ $? != 0 ] ; then\n    # print error to STDERR\n    echo \"error: The sandbox is not in sync with the Podfile.lock. Run 'pod install' or update your CocoaPods installation.\" >&2\n    exit 1\nfi\n# This output is used by Xcode 'outputs' to avoid re-running this script phase.\necho \"SUCCESS\" > \"${SCRIPT_OUTPUT_FILE_0}\"\n";
			showEnvVarsInLog = 0;
		};
		7E80A640B4002B15C74F301B /* [CP] Embed Pods Frameworks */ = {
			isa = PBXShellScriptBuildPhase;
			buildActionMask = 2147483647;
			files = (
			);
			inputFileListPaths = (
				"${PODS_ROOT}/Target Support Files/Pods-FitnessApp-FitnessAppUITests/Pods-FitnessApp-FitnessAppUITests-frameworks-${CONFIGURATION}-input-files.xcfilelist",
			);
			name = "[CP] Embed Pods Frameworks";
			outputFileListPaths = (
				"${PODS_ROOT}/Target Support Files/Pods-FitnessApp-FitnessAppUITests/Pods-FitnessApp-FitnessAppUITests-frameworks-${CONFIGURATION}-output-files.xcfilelist",
			);
			runOnlyForDeploymentPostprocessing = 0;
			shellPath = /bin/sh;
			shellScript = "\"${PODS_ROOT}/Target Support Files/Pods-FitnessApp-FitnessAppUITests/Pods-FitnessApp-FitnessAppUITests-frameworks.sh\"\n";
			showEnvVarsInLog = 0;
		};
		950B9F4AA8207B7E621E1238 /* [CP] Embed Pods Frameworks */ = {
			isa = PBXShellScriptBuildPhase;
			buildActionMask = 2147483647;
			files = (
			);
			inputFileListPaths = (
				"${PODS_ROOT}/Target Support Files/Pods-FitnessApp/Pods-FitnessApp-frameworks-${CONFIGURATION}-input-files.xcfilelist",
			);
			name = "[CP] Embed Pods Frameworks";
			outputFileListPaths = (
				"${PODS_ROOT}/Target Support Files/Pods-FitnessApp/Pods-FitnessApp-frameworks-${CONFIGURATION}-output-files.xcfilelist",
			);
			runOnlyForDeploymentPostprocessing = 0;
			shellPath = /bin/sh;
			shellScript = "\"${PODS_ROOT}/Target Support Files/Pods-FitnessApp/Pods-FitnessApp-frameworks.sh\"\n";
			showEnvVarsInLog = 0;
		};
/* End PBXShellScriptBuildPhase section */

/* Begin PBXSourcesBuildPhase section */
		BC0ACCD928E313F8001868E2 /* Sources */ = {
			isa = PBXSourcesBuildPhase;
			buildActionMask = 2147483647;
			files = (
				BC0ACD1228E328F5001868E2 /* DashboardVC.swift in Sources */,
				BC0ACCE128E313F8001868E2 /* AppDelegate.swift in Sources */,
				BC18E19728EB8E1000587811 /* UserData.swift in Sources */,
				BC0ACD1E28E339DA001868E2 /* CourseCell.swift in Sources */,
				BC8C6B4628E45B5600CC6EA7 /* LoginVC.swift in Sources */,
				BC0ACCE328E313F8001868E2 /* SceneDelegate.swift in Sources */,
				BC0ACD1828E33855001868E2 /* CoursesModel.swift in Sources */,
				BC18E19F28EB91D600587811 /* OnBoardingSlides.swift in Sources */,
				BC0ACD1628E32919001868E2 /* CoursesVC.swift in Sources */,
				BC18E19D28EB90F800587811 /* UIView+Extension.swift in Sources */,
				BC18E1A328EB941300587811 /* OnBoardingCell.swift in Sources */,
				BC18E19A28EB8FC500587811 /* OnBoardingVC.swift in Sources */,
			);
			runOnlyForDeploymentPostprocessing = 0;
		};
		BC0ACCEF28E313FD001868E2 /* Sources */ = {
			isa = PBXSourcesBuildPhase;
			buildActionMask = 2147483647;
			files = (
				BC0ACCF828E313FD001868E2 /* FitnessAppTests.swift in Sources */,
			);
			runOnlyForDeploymentPostprocessing = 0;
		};
		BC0ACCF928E313FD001868E2 /* Sources */ = {
			isa = PBXSourcesBuildPhase;
			buildActionMask = 2147483647;
			files = (
				BC0ACD0228E313FD001868E2 /* FitnessAppUITests.swift in Sources */,
				BC0ACD0428E313FD001868E2 /* FitnessAppUITestsLaunchTests.swift in Sources */,
			);
			runOnlyForDeploymentPostprocessing = 0;
		};
/* End PBXSourcesBuildPhase section */

/* Begin PBXTargetDependency section */
		BC0ACCF528E313FD001868E2 /* PBXTargetDependency */ = {
			isa = PBXTargetDependency;
			target = BC0ACCDC28E313F8001868E2 /* FitnessApp */;
			targetProxy = BC0ACCF428E313FD001868E2 /* PBXContainerItemProxy */;
		};
		BC0ACCFF28E313FD001868E2 /* PBXTargetDependency */ = {
			isa = PBXTargetDependency;
			target = BC0ACCDC28E313F8001868E2 /* FitnessApp */;
			targetProxy = BC0ACCFE28E313FD001868E2 /* PBXContainerItemProxy */;
		};
/* End PBXTargetDependency section */

/* Begin PBXVariantGroup section */
		BC0ACCE628E313F8001868E2 /* Main.storyboard */ = {
			isa = PBXVariantGroup;
			children = (
				BC0ACCE728E313F8001868E2 /* Base */,
			);
			name = Main.storyboard;
			sourceTree = "<group>";
		};
		BC0ACCEB28E313FD001868E2 /* LaunchScreen.storyboard */ = {
			isa = PBXVariantGroup;
			children = (
				BC0ACCEC28E313FD001868E2 /* Base */,
			);
			name = LaunchScreen.storyboard;
			sourceTree = "<group>";
		};
/* End PBXVariantGroup section */

/* Begin XCBuildConfiguration section */
		BC0ACD0528E313FD001868E2 /* Debug */ = {
			isa = XCBuildConfiguration;
			buildSettings = {
				ALWAYS_SEARCH_USER_PATHS = NO;
				CLANG_ANALYZER_NONNULL = YES;
				CLANG_ANALYZER_NUMBER_OBJECT_CONVERSION = YES_AGGRESSIVE;
				CLANG_CXX_LANGUAGE_STANDARD = "gnu++17";
				CLANG_ENABLE_MODULES = YES;
				CLANG_ENABLE_OBJC_ARC = YES;
				CLANG_ENABLE_OBJC_WEAK = YES;
				CLANG_WARN_BLOCK_CAPTURE_AUTORELEASING = YES;
				CLANG_WARN_BOOL_CONVERSION = YES;
				CLANG_WARN_COMMA = YES;
				CLANG_WARN_CONSTANT_CONVERSION = YES;
				CLANG_WARN_DEPRECATED_OBJC_IMPLEMENTATIONS = YES;
				CLANG_WARN_DIRECT_OBJC_ISA_USAGE = YES_ERROR;
				CLANG_WARN_DOCUMENTATION_COMMENTS = YES;
				CLANG_WARN_EMPTY_BODY = YES;
				CLANG_WARN_ENUM_CONVERSION = YES;
				CLANG_WARN_INFINITE_RECURSION = YES;
				CLANG_WARN_INT_CONVERSION = YES;
				CLANG_WARN_NON_LITERAL_NULL_CONVERSION = YES;
				CLANG_WARN_OBJC_IMPLICIT_RETAIN_SELF = YES;
				CLANG_WARN_OBJC_LITERAL_CONVERSION = YES;
				CLANG_WARN_OBJC_ROOT_CLASS = YES_ERROR;
				CLANG_WARN_QUOTED_INCLUDE_IN_FRAMEWORK_HEADER = YES;
				CLANG_WARN_RANGE_LOOP_ANALYSIS = YES;
				CLANG_WARN_STRICT_PROTOTYPES = YES;
				CLANG_WARN_SUSPICIOUS_MOVE = YES;
				CLANG_WARN_UNGUARDED_AVAILABILITY = YES_AGGRESSIVE;
				CLANG_WARN_UNREACHABLE_CODE = YES;
				CLANG_WARN__DUPLICATE_METHOD_MATCH = YES;
				COPY_PHASE_STRIP = NO;
				DEBUG_INFORMATION_FORMAT = dwarf;
				ENABLE_STRICT_OBJC_MSGSEND = YES;
				ENABLE_TESTABILITY = YES;
				GCC_C_LANGUAGE_STANDARD = gnu11;
				GCC_DYNAMIC_NO_PIC = NO;
				GCC_NO_COMMON_BLOCKS = YES;
				GCC_OPTIMIZATION_LEVEL = 0;
				GCC_PREPROCESSOR_DEFINITIONS = (
					"DEBUG=1",
					"$(inherited)",
				);
				GCC_WARN_64_TO_32_BIT_CONVERSION = YES;
				GCC_WARN_ABOUT_RETURN_TYPE = YES_ERROR;
				GCC_WARN_UNDECLARED_SELECTOR = YES;
				GCC_WARN_UNINITIALIZED_AUTOS = YES_AGGRESSIVE;
				GCC_WARN_UNUSED_FUNCTION = YES;
				GCC_WARN_UNUSED_VARIABLE = YES;
				IPHONEOS_DEPLOYMENT_TARGET = 15.5;
				MTL_ENABLE_DEBUG_INFO = INCLUDE_SOURCE;
				MTL_FAST_MATH = YES;
				ONLY_ACTIVE_ARCH = YES;
				SDKROOT = iphoneos;
				SWIFT_ACTIVE_COMPILATION_CONDITIONS = DEBUG;
				SWIFT_OPTIMIZATION_LEVEL = "-Onone";
			};
			name = Debug;
		};
		BC0ACD0628E313FD001868E2 /* Release */ = {
			isa = XCBuildConfiguration;
			buildSettings = {
				ALWAYS_SEARCH_USER_PATHS = NO;
				CLANG_ANALYZER_NONNULL = YES;
				CLANG_ANALYZER_NUMBER_OBJECT_CONVERSION = YES_AGGRESSIVE;
				CLANG_CXX_LANGUAGE_STANDARD = "gnu++17";
				CLANG_ENABLE_MODULES = YES;
				CLANG_ENABLE_OBJC_ARC = YES;
				CLANG_ENABLE_OBJC_WEAK = YES;
				CLANG_WARN_BLOCK_CAPTURE_AUTORELEASING = YES;
				CLANG_WARN_BOOL_CONVERSION = YES;
				CLANG_WARN_COMMA = YES;
				CLANG_WARN_CONSTANT_CONVERSION = YES;
				CLANG_WARN_DEPRECATED_OBJC_IMPLEMENTATIONS = YES;
				CLANG_WARN_DIRECT_OBJC_ISA_USAGE = YES_ERROR;
				CLANG_WARN_DOCUMENTATION_COMMENTS = YES;
				CLANG_WARN_EMPTY_BODY = YES;
				CLANG_WARN_ENUM_CONVERSION = YES;
				CLANG_WARN_INFINITE_RECURSION = YES;
				CLANG_WARN_INT_CONVERSION = YES;
				CLANG_WARN_NON_LITERAL_NULL_CONVERSION = YES;
				CLANG_WARN_OBJC_IMPLICIT_RETAIN_SELF = YES;
				CLANG_WARN_OBJC_LITERAL_CONVERSION = YES;
				CLANG_WARN_OBJC_ROOT_CLASS = YES_ERROR;
				CLANG_WARN_QUOTED_INCLUDE_IN_FRAMEWORK_HEADER = YES;
				CLANG_WARN_RANGE_LOOP_ANALYSIS = YES;
				CLANG_WARN_STRICT_PROTOTYPES = YES;
				CLANG_WARN_SUSPICIOUS_MOVE = YES;
				CLANG_WARN_UNGUARDED_AVAILABILITY = YES_AGGRESSIVE;
				CLANG_WARN_UNREACHABLE_CODE = YES;
				CLANG_WARN__DUPLICATE_METHOD_MATCH = YES;
				COPY_PHASE_STRIP = NO;
				DEBUG_INFORMATION_FORMAT = "dwarf-with-dsym";
				ENABLE_NS_ASSERTIONS = NO;
				ENABLE_STRICT_OBJC_MSGSEND = YES;
				GCC_C_LANGUAGE_STANDARD = gnu11;
				GCC_NO_COMMON_BLOCKS = YES;
				GCC_WARN_64_TO_32_BIT_CONVERSION = YES;
				GCC_WARN_ABOUT_RETURN_TYPE = YES_ERROR;
				GCC_WARN_UNDECLARED_SELECTOR = YES;
				GCC_WARN_UNINITIALIZED_AUTOS = YES_AGGRESSIVE;
				GCC_WARN_UNUSED_FUNCTION = YES;
				GCC_WARN_UNUSED_VARIABLE = YES;
				IPHONEOS_DEPLOYMENT_TARGET = 15.5;
				MTL_ENABLE_DEBUG_INFO = NO;
				MTL_FAST_MATH = YES;
				SDKROOT = iphoneos;
				SWIFT_COMPILATION_MODE = wholemodule;
				SWIFT_OPTIMIZATION_LEVEL = "-O";
				VALIDATE_PRODUCT = YES;
			};
			name = Release;
		};
		BC0ACD0828E313FD001868E2 /* Debug */ = {
			isa = XCBuildConfiguration;
			baseConfigurationReference = BCC4DD1E9B7B635B7FF8CC14 /* Pods-FitnessApp.debug.xcconfig */;
			buildSettings = {
				ASSETCATALOG_COMPILER_APPICON_NAME = AppIcon;
				ASSETCATALOG_COMPILER_GLOBAL_ACCENT_COLOR_NAME = AccentColor;
				CODE_SIGN_STYLE = Automatic;
				CURRENT_PROJECT_VERSION = 1;
				DEVELOPMENT_TEAM = 9Z48JZ46F2;
				GENERATE_INFOPLIST_FILE = YES;
				INFOPLIST_FILE = FitnessApp/Info.plist;
				INFOPLIST_KEY_UIApplicationSupportsIndirectInputEvents = YES;
				INFOPLIST_KEY_UILaunchStoryboardName = LaunchScreen;
				INFOPLIST_KEY_UIMainStoryboardFile = Main;
				INFOPLIST_KEY_UISupportedInterfaceOrientations_iPad = "UIInterfaceOrientationPortrait UIInterfaceOrientationPortraitUpsideDown UIInterfaceOrientationLandscapeLeft UIInterfaceOrientationLandscapeRight";
				INFOPLIST_KEY_UISupportedInterfaceOrientations_iPhone = "UIInterfaceOrientationPortrait UIInterfaceOrientationLandscapeLeft UIInterfaceOrientationLandscapeRight";
				LD_RUNPATH_SEARCH_PATHS = (
					"$(inherited)",
					"@executable_path/Frameworks",
				);
				MARKETING_VERSION = 1.0;
				PRODUCT_BUNDLE_IDENTIFIER = com.cenkbahadircark.FitnessApp;
				PRODUCT_NAME = "$(TARGET_NAME)";
				SWIFT_EMIT_LOC_STRINGS = YES;
				SWIFT_VERSION = 5.0;
				TARGETED_DEVICE_FAMILY = "1,2";
			};
			name = Debug;
		};
		BC0ACD0928E313FD001868E2 /* Release */ = {
			isa = XCBuildConfiguration;
			baseConfigurationReference = 92B56F43DC101EDD152C6423 /* Pods-FitnessApp.release.xcconfig */;
			buildSettings = {
				ASSETCATALOG_COMPILER_APPICON_NAME = AppIcon;
				ASSETCATALOG_COMPILER_GLOBAL_ACCENT_COLOR_NAME = AccentColor;
				CODE_SIGN_STYLE = Automatic;
				CURRENT_PROJECT_VERSION = 1;
				DEVELOPMENT_TEAM = 9Z48JZ46F2;
				GENERATE_INFOPLIST_FILE = YES;
				INFOPLIST_FILE = FitnessApp/Info.plist;
				INFOPLIST_KEY_UIApplicationSupportsIndirectInputEvents = YES;
				INFOPLIST_KEY_UILaunchStoryboardName = LaunchScreen;
				INFOPLIST_KEY_UIMainStoryboardFile = Main;
				INFOPLIST_KEY_UISupportedInterfaceOrientations_iPad = "UIInterfaceOrientationPortrait UIInterfaceOrientationPortraitUpsideDown UIInterfaceOrientationLandscapeLeft UIInterfaceOrientationLandscapeRight";
				INFOPLIST_KEY_UISupportedInterfaceOrientations_iPhone = "UIInterfaceOrientationPortrait UIInterfaceOrientationLandscapeLeft UIInterfaceOrientationLandscapeRight";
				LD_RUNPATH_SEARCH_PATHS = (
					"$(inherited)",
					"@executable_path/Frameworks",
				);
				MARKETING_VERSION = 1.0;
				PRODUCT_BUNDLE_IDENTIFIER = com.cenkbahadircark.FitnessApp;
				PRODUCT_NAME = "$(TARGET_NAME)";
				SWIFT_EMIT_LOC_STRINGS = YES;
				SWIFT_VERSION = 5.0;
				TARGETED_DEVICE_FAMILY = "1,2";
			};
			name = Release;
		};
		BC0ACD0B28E313FD001868E2 /* Debug */ = {
			isa = XCBuildConfiguration;
			baseConfigurationReference = 1CCD5FC7B604F5B1A7AFE87C /* Pods-FitnessAppTests.debug.xcconfig */;
			buildSettings = {
				ALWAYS_EMBED_SWIFT_STANDARD_LIBRARIES = YES;
				BUNDLE_LOADER = "$(TEST_HOST)";
				CODE_SIGN_STYLE = Automatic;
				CURRENT_PROJECT_VERSION = 1;
				DEVELOPMENT_TEAM = 9Z48JZ46F2;
				GENERATE_INFOPLIST_FILE = YES;
				IPHONEOS_DEPLOYMENT_TARGET = 15.5;
				MARKETING_VERSION = 1.0;
				PRODUCT_BUNDLE_IDENTIFIER = com.cenkbahadircark.FitnessAppTests;
				PRODUCT_NAME = "$(TARGET_NAME)";
				SWIFT_EMIT_LOC_STRINGS = NO;
				SWIFT_VERSION = 5.0;
				TARGETED_DEVICE_FAMILY = "1,2";
				TEST_HOST = "$(BUILT_PRODUCTS_DIR)/FitnessApp.app/FitnessApp";
			};
			name = Debug;
		};
		BC0ACD0C28E313FD001868E2 /* Release */ = {
			isa = XCBuildConfiguration;
			baseConfigurationReference = D22B3E06D988254B67BB6486 /* Pods-FitnessAppTests.release.xcconfig */;
			buildSettings = {
				ALWAYS_EMBED_SWIFT_STANDARD_LIBRARIES = YES;
				BUNDLE_LOADER = "$(TEST_HOST)";
				CODE_SIGN_STYLE = Automatic;
				CURRENT_PROJECT_VERSION = 1;
				DEVELOPMENT_TEAM = 9Z48JZ46F2;
				GENERATE_INFOPLIST_FILE = YES;
				IPHONEOS_DEPLOYMENT_TARGET = 15.5;
				MARKETING_VERSION = 1.0;
				PRODUCT_BUNDLE_IDENTIFIER = com.cenkbahadircark.FitnessAppTests;
				PRODUCT_NAME = "$(TARGET_NAME)";
				SWIFT_EMIT_LOC_STRINGS = NO;
				SWIFT_VERSION = 5.0;
				TARGETED_DEVICE_FAMILY = "1,2";
				TEST_HOST = "$(BUILT_PRODUCTS_DIR)/FitnessApp.app/FitnessApp";
			};
			name = Release;
		};
		BC0ACD0E28E313FD001868E2 /* Debug */ = {
			isa = XCBuildConfiguration;
			baseConfigurationReference = 4B912DA17C0768E220DF0933 /* Pods-FitnessApp-FitnessAppUITests.debug.xcconfig */;
			buildSettings = {
				ALWAYS_EMBED_SWIFT_STANDARD_LIBRARIES = YES;
				CODE_SIGN_STYLE = Automatic;
				CURRENT_PROJECT_VERSION = 1;
				DEVELOPMENT_TEAM = 9Z48JZ46F2;
				GENERATE_INFOPLIST_FILE = YES;
				MARKETING_VERSION = 1.0;
				PRODUCT_BUNDLE_IDENTIFIER = com.cenkbahadircark.FitnessAppUITests;
				PRODUCT_NAME = "$(TARGET_NAME)";
				SWIFT_EMIT_LOC_STRINGS = NO;
				SWIFT_VERSION = 5.0;
				TARGETED_DEVICE_FAMILY = "1,2";
				TEST_TARGET_NAME = FitnessApp;
			};
			name = Debug;
		};
		BC0ACD0F28E313FD001868E2 /* Release */ = {
			isa = XCBuildConfiguration;
			baseConfigurationReference = EB3E123A0C5CCA0FFB8CF811 /* Pods-FitnessApp-FitnessAppUITests.release.xcconfig */;
			buildSettings = {
				ALWAYS_EMBED_SWIFT_STANDARD_LIBRARIES = YES;
				CODE_SIGN_STYLE = Automatic;
				CURRENT_PROJECT_VERSION = 1;
				DEVELOPMENT_TEAM = 9Z48JZ46F2;
				GENERATE_INFOPLIST_FILE = YES;
				MARKETING_VERSION = 1.0;
				PRODUCT_BUNDLE_IDENTIFIER = com.cenkbahadircark.FitnessAppUITests;
				PRODUCT_NAME = "$(TARGET_NAME)";
				SWIFT_EMIT_LOC_STRINGS = NO;
				SWIFT_VERSION = 5.0;
				TARGETED_DEVICE_FAMILY = "1,2";
				TEST_TARGET_NAME = FitnessApp;
			};
			name = Release;
		};
/* End XCBuildConfiguration section */

/* Begin XCConfigurationList section */
		BC0ACCD828E313F8001868E2 /* Build configuration list for PBXProject "FitnessApp" */ = {
			isa = XCConfigurationList;
			buildConfigurations = (
				BC0ACD0528E313FD001868E2 /* Debug */,
				BC0ACD0628E313FD001868E2 /* Release */,
			);
			defaultConfigurationIsVisible = 0;
			defaultConfigurationName = Release;
		};
		BC0ACD0728E313FD001868E2 /* Build configuration list for PBXNativeTarget "FitnessApp" */ = {
			isa = XCConfigurationList;
			buildConfigurations = (
				BC0ACD0828E313FD001868E2 /* Debug */,
				BC0ACD0928E313FD001868E2 /* Release */,
			);
			defaultConfigurationIsVisible = 0;
			defaultConfigurationName = Release;
		};
		BC0ACD0A28E313FD001868E2 /* Build configuration list for PBXNativeTarget "FitnessAppTests" */ = {
			isa = XCConfigurationList;
			buildConfigurations = (
				BC0ACD0B28E313FD001868E2 /* Debug */,
				BC0ACD0C28E313FD001868E2 /* Release */,
			);
			defaultConfigurationIsVisible = 0;
			defaultConfigurationName = Release;
		};
		BC0ACD0D28E313FD001868E2 /* Build configuration list for PBXNativeTarget "FitnessAppUITests" */ = {
			isa = XCConfigurationList;
			buildConfigurations = (
				BC0ACD0E28E313FD001868E2 /* Debug */,
				BC0ACD0F28E313FD001868E2 /* Release */,
			);
			defaultConfigurationIsVisible = 0;
			defaultConfigurationName = Release;
		};
/* End XCConfigurationList section */
	};
	rootObject = BC0ACCD528E313F8001868E2 /* Project object */;
}
